
Microsoft Visual Studio Solution File, Format Version 12.00
# Visual Studio Version 17
VisualStudioVersion = 17.4.33110.190
MinimumVisualStudioVersion = 10.0.40219.1
Project("{FAE04EC0-301F-11D3-BF4B-00C04F79EFBC}") = "RegisterationForm", "RegisterationForm\RegisterationForm.csproj", "{358E3CC2-CB9E-484B-AFB4-505256B2AD58}"
EndProject
Global
	GlobalSection(SolutionConfigurationPlatforms) = preSolution
		Debug|Any CPU = Debug|Any CPU
		Release|Any CPU = Release|Any CPU
	EndGlobalSection
	GlobalSection(ProjectConfigurationPlatforms) = postSolution
		{358E3CC2-CB9E-484B-AFB4-505256B2AD58}.Debug|Any CPU.ActiveCfg = Debug|Any CPU
		{358E3CC2-CB9E-484B-AFB4-505256B2AD58}.Debug|Any CPU.Build.0 = Debug|Any CPU
		{358E3CC2-CB9E-484B-AFB4-505256B2AD58}.Release|Any CPU.ActiveCfg = Release|Any CPU
		{358E3CC2-CB9E-484B-AFB4-505256B2AD58}.Release|Any CPU.Build.0 = Release|Any CPU
	EndGlobalSection
	GlobalSection(SolutionProperties) = preSolution
		HideSolutionNode = FALSE
	EndGlobalSection
	GlobalSection(ExtensibilityGlobals) = postSolution
		SolutionGuid = {907E90BB-3164-4F40-8639-FBEABEFC0273}
	EndGlobalSection
EndGlobal
